Microsoft Visual Studio Solution File, Format Version 12.00
# Visual Studio 2013
VisualStudioVersion = 12.0.21005.1
MinimumVisualStudioVersion = 10.0.40219.1
Project("{FAE04EC0-301F-11D3-BF4B-00C04F79EFBC}") = "View", "View\View.csproj", "{D73BFE67-5F33-08E2-3FD0-D4FE17392214}"
EndProject
Project("{FAE04EC0-301F-11D3-BF4B-00C04F79EFBC}") = "Model", "Model\Model.csproj", "{C766A6A4-EED0-0FF9-2639-625A749BE9F7}"
EndProject
Project("{FAE04EC0-301F-11D3-BF4B-00C04F79EFBC}") = "Model.Tests", "Model.Tests\Model.Tests.csproj", "{41139BF5-D40A-07DA-14FF-3DFD49195C29}"
EndProject
Project("{FAE04EC0-301F-11D3-BF4B-00C04F79EFBC}") = "ViewModel", "ViewModel\ViewModel.csproj", "{8CE44347-D621-0CDA-188E-0E1DB5F6117E}"
EndProject
Project("{FAE04EC0-301F-11D3-BF4B-00C04F79EFBC}") = "ViewModel.Tests", "ViewModel.Tests\ViewModel.Tests.csproj", "{1EEB6085-8D22-066C-0ABB-4D2B2D65F42A}"
EndProject
Project("{FAE04EC0-301F-11D3-BF4B-00C04F79EFBC}") = "View.IntegrationTest", "View.IntegrationTest\View.IntegrationTest.csproj", "{F74380BE-C132-0C4C-22C8-C4DD5BB1B573}"
EndProject
Global
	GlobalSection(TeamFoundationVersionControl) = preSolution
		SccNumberOfProjects = 7
		SccEnterpriseProvider = {4CA58AB2-18FA-4F8D-95D4-32DDF27D184C}
		SccTeamFoundationServer = https://netsolutions.visualstudio.com/defaultcollection
		SccLocalPath0 = .
		SccProjectUniqueName1 = View\\View.vbproj
		SccProjectName1 = View
		SccLocalPath1 = View
		SccProjectUniqueName2 = Model\\Model.vbproj
		SccProjectName2 = Model
		SccLocalPath2 = Model
		SccProjectUniqueName3 = Model.Tests\\Model.Tests.vbproj
		SccProjectName3 = Model.Tests
		SccLocalPath3 = Model.Tests
		SccProjectUniqueName4 = ViewModel\\ViewModel.vbproj
		SccProjectName4 = ViewModel
		SccLocalPath4 = ViewModel
		SccProjectUniqueName5 = ViewModel.Tests\\ViewModel.Tests.vbproj
		SccProjectName5 = ViewModel.Tests
		SccLocalPath5 = ViewModel.Tests
		SccProjectUniqueName6 = View.IntegrationTest\\View.IntegrationTest.vbproj
		SccProjectName6 = View.IntegrationTest
		SccLocalPath6 = View.IntegrationTest
	EndGlobalSection
	GlobalSection(SolutionConfigurationPlatforms) = preSolution
		Debug|Any CPU = Debug|Any CPU
		Release|Any CPU = Release|Any CPU
	EndGlobalSection
	GlobalSection(ProjectConfigurationPlatforms) = postSolution
		{D73BFE67-5F33-08E2-3FD0-D4FE17392214}.Debug|Any CPU.ActiveCfg = Debug|Any CPU
		{D73BFE67-5F33-08E2-3FD0-D4FE17392214}.Debug|Any CPU.Build.0 = Debug|Any CPU
		{D73BFE67-5F33-08E2-3FD0-D4FE17392214}.Release|Any CPU.ActiveCfg = Release|Any CPU
		{D73BFE67-5F33-08E2-3FD0-D4FE17392214}.Release|Any CPU.Build.0 = Release|Any CPU
		{C766A6A4-EED0-0FF9-2639-625A749BE9F7}.Debug|Any CPU.ActiveCfg = Debug|Any CPU
		{C766A6A4-EED0-0FF9-2639-625A749BE9F7}.Debug|Any CPU.Build.0 = Debug|Any CPU
		{C766A6A4-EED0-0FF9-2639-625A749BE9F7}.Release|Any CPU.ActiveCfg = Release|Any CPU
		{C766A6A4-EED0-0FF9-2639-625A749BE9F7}.Release|Any CPU.Build.0 = Release|Any CPU
		{41139BF5-D40A-07DA-14FF-3DFD49195C29}.Debug|Any CPU.ActiveCfg = Debug|Any CPU
		{41139BF5-D40A-07DA-14FF-3DFD49195C29}.Debug|Any CPU.Build.0 = Debug|Any CPU
		{41139BF5-D40A-07DA-14FF-3DFD49195C29}.Release|Any CPU.ActiveCfg = Release|Any CPU
		{41139BF5-D40A-07DA-14FF-3DFD49195C29}.Release|Any CPU.Build.0 = Release|Any CPU
		{8CE44347-D621-0CDA-188E-0E1DB5F6117E}.Debug|Any CPU.ActiveCfg = Debug|Any CPU
		{8CE44347-D621-0CDA-188E-0E1DB5F6117E}.Debug|Any CPU.Build.0 = Debug|Any CPU
		{8CE44347-D621-0CDA-188E-0E1DB5F6117E}.Release|Any CPU.ActiveCfg = Release|Any CPU
		{8CE44347-D621-0CDA-188E-0E1DB5F6117E}.Release|Any CPU.Build.0 = Release|Any CPU
		{1EEB6085-8D22-066C-0ABB-4D2B2D65F42A}.Debug|Any CPU.ActiveCfg = Debug|Any CPU
		{1EEB6085-8D22-066C-0ABB-4D2B2D65F42A}.Debug|Any CPU.Build.0 = Debug|Any CPU
		{1EEB6085-8D22-066C-0ABB-4D2B2D65F42A}.Release|Any CPU.ActiveCfg = Release|Any CPU
		{1EEB6085-8D22-066C-0ABB-4D2B2D65F42A}.Release|Any CPU.Build.0 = Release|Any CPU
		{F74380BE-C132-0C4C-22C8-C4DD5BB1B573}.Debug|Any CPU.ActiveCfg = Debug|Any CPU
		{F74380BE-C132-0C4C-22C8-C4DD5BB1B573}.Debug|Any CPU.Build.0 = Debug|Any CPU
		{F74380BE-C132-0C4C-22C8-C4DD5BB1B573}.Release|Any CPU.ActiveCfg = Release|Any CPU
		{F74380BE-C132-0C4C-22C8-C4DD5BB1B573}.Release|Any CPU.Build.0 = Release|Any CPU
	EndGlobalSection
	GlobalSection(SolutionProperties) = preSolution
		HideSolutionNode = FALSE
	EndGlobalSection
	GlobalSection(ExtensibilityGlobals) = postSolution
		ObjectiFSystem = C:\temp\Temper
	EndGlobalSection
EndGlobal
