
Microsoft Visual Studio Solution File, Format Version 12.00
# Visual Studio Version 18
VisualStudioVersion = 18.0.11217.181
MinimumVisualStudioVersion = 10.0.40219.1
Project("{FAE04EC0-301F-11D3-BF4B-00C04F79EFBC}") = "POFF.Kicker", "POFF.Kicker\POFF.Kicker.csproj", "{D73BFE67-5F33-08E2-3FD0-D4FE17392214}"
EndProject
Project("{FAE04EC0-301F-11D3-BF4B-00C04F79EFBC}") = "POFF.Kicker.Tests", "POFF.Kicker.Tests\POFF.Kicker.Tests.csproj", "{1EEB6085-8D22-066C-0ABB-4D2B2D65F42A}"
EndProject
Global
	GlobalSection(SolutionConfigurationPlatforms) = preSolution
		Debug|Any CPU = Debug|Any CPU
		Release|Any CPU = Release|Any CPU
	EndGlobalSection
	GlobalSection(ProjectConfigurationPlatforms) = postSolution
		{D73BFE67-5F33-08E2-3FD0-D4FE17392214}.Debug|Any CPU.ActiveCfg = Debug|Any CPU
		{D73BFE67-5F33-08E2-3FD0-D4FE17392214}.Debug|Any CPU.Build.0 = Debug|Any CPU
		{D73BFE67-5F33-08E2-3FD0-D4FE17392214}.Release|Any CPU.ActiveCfg = Release|Any CPU
		{D73BFE67-5F33-08E2-3FD0-D4FE17392214}.Release|Any CPU.Build.0 = Release|Any CPU
		{1EEB6085-8D22-066C-0ABB-4D2B2D65F42A}.Debug|Any CPU.ActiveCfg = Debug|Any CPU
		{1EEB6085-8D22-066C-0ABB-4D2B2D65F42A}.Debug|Any CPU.Build.0 = Debug|Any CPU
		{1EEB6085-8D22-066C-0ABB-4D2B2D65F42A}.Release|Any CPU.ActiveCfg = Release|Any CPU
		{1EEB6085-8D22-066C-0ABB-4D2B2D65F42A}.Release|Any CPU.Build.0 = Release|Any CPU
	EndGlobalSection
	GlobalSection(SolutionProperties) = preSolution
		HideSolutionNode = FALSE
	EndGlobalSection
	GlobalSection(ExtensibilityGlobals) = postSolution
		SolutionGuid = {93DD0061-19F1-4E9F-864B-4131FED2E52C}
		ObjectiFSystem = C:\temp\Temper
	EndGlobalSection
EndGlobal
